
Microsoft Visual Studio Solution File, Format Version 12.00
# Visual Studio Version 16
VisualStudioVersion = 16.0.31005.135
MinimumVisualStudioVersion = 10.0.40219.1
Project("{FAE04EC0-301F-11D3-BF4B-00C04F79EFBC}") = "CronometroForm", "CronometroForm\CronometroForm.csproj", "{9C014FC8-C03D-4428-8ABD-234A8BCBD599}"
EndProject
Project("{FAE04EC0-301F-11D3-BF4B-00C04F79EFBC}") = "CronometroConsola", "CronometroConsola\CronometroConsola.csproj", "{BB4533DD-1FAF-483D-A42B-B4868AF5AF78}"
EndProject
Global
	GlobalSection(SolutionConfigurationPlatforms) = preSolution
		Debug|Any CPU = Debug|Any CPU
		Release|Any CPU = Release|Any CPU
	EndGlobalSection
	GlobalSection(ProjectConfigurationPlatforms) = postSolution
		{9C014FC8-C03D-4428-8ABD-234A8BCBD599}.Debug|Any CPU.ActiveCfg = Debug|Any CPU
		{9C014FC8-C03D-4428-8ABD-234A8BCBD599}.Debug|Any CPU.Build.0 = Debug|Any CPU
		{9C014FC8-C03D-4428-8ABD-234A8BCBD599}.Release|Any CPU.ActiveCfg = Release|Any CPU
		{9C014FC8-C03D-4428-8ABD-234A8BCBD599}.Release|Any CPU.Build.0 = Release|Any CPU
		{BB4533DD-1FAF-483D-A42B-B4868AF5AF78}.Debug|Any CPU.ActiveCfg = Debug|Any CPU
		{BB4533DD-1FAF-483D-A42B-B4868AF5AF78}.Debug|Any CPU.Build.0 = Debug|Any CPU
		{BB4533DD-1FAF-483D-A42B-B4868AF5AF78}.Release|Any CPU.ActiveCfg = Release|Any CPU
		{BB4533DD-1FAF-483D-A42B-B4868AF5AF78}.Release|Any CPU.Build.0 = Release|Any CPU
	EndGlobalSection
	GlobalSection(SolutionProperties) = preSolution
		HideSolutionNode = FALSE
	EndGlobalSection
	GlobalSection(ExtensibilityGlobals) = postSolution
		SolutionGuid = {BE83EDBB-C673-4F68-A828-0E2F4C84D5F6}
	EndGlobalSection
EndGlobal
